
Microsoft Visual Studio Solution File, Format Version 12.00
# Visual Studio Version 17
VisualStudioVersion = 17.4.33205.214
MinimumVisualStudioVersion = 10.0.40219.1
Project("{FAE04EC0-301F-11D3-BF4B-00C04F79EFBC}") = "EcoScore", "EcoScore\EcoScore.csproj", "{BA46DC86-1E87-4BE8-BD64-CD15101E6E60}"
EndProject
Global
	GlobalSection(SolutionConfigurationPlatforms) = preSolution
		Debug|Any CPU = Debug|Any CPU
		Release|Any CPU = Release|Any CPU
	EndGlobalSection
	GlobalSection(ProjectConfigurationPlatforms) = postSolution
		{BA46DC86-1E87-4BE8-BD64-CD15101E6E60}.Debug|Any CPU.ActiveCfg = Debug|Any CPU
		{BA46DC86-1E87-4BE8-BD64-CD15101E6E60}.Debug|Any CPU.Build.0 = Debug|Any CPU
		{BA46DC86-1E87-4BE8-BD64-CD15101E6E60}.Release|Any CPU.ActiveCfg = Release|Any CPU
		{BA46DC86-1E87-4BE8-BD64-CD15101E6E60}.Release|Any CPU.Build.0 = Release|Any CPU
	EndGlobalSection
	GlobalSection(SolutionProperties) = preSolution
		HideSolutionNode = FALSE
	EndGlobalSection
	GlobalSection(ExtensibilityGlobals) = postSolution
		SolutionGuid = {04A2E21E-F228-41A1-A37D-93C335F2A67B}
	EndGlobalSection
EndGlobal
